
Microsoft Visual Studio Solution File, Format Version 12.00
# Visual Studio Version 17
VisualStudioVersion = 17.0.32014.148
MinimumVisualStudioVersion = 10.0.40219.1
Project("{8BC9CEB8-8B4A-11D0-8D11-00A0C91BC942}") = "CppBasics-BT-D05-K13", "CppBasics-BT-D05-K13\CppBasics-BT-D05-K13.vcxproj", "{A647FC5A-9D50-4A61-8A6C-6F4A8520147F}"
EndProject
Project("{8BC9CEB8-8B4A-11D0-8D11-00A0C91BC942}") = "02-basics-io-var-types-operators", "02-basics-io-var-types-operators\02-basics-io-var-types-operators.vcxproj", "{3830E8A1-BDDE-4AED-81D0-A97A2780E451}"
EndProject
Project("{8BC9CEB8-8B4A-11D0-8D11-00A0C91BC942}") = "03-basics-types-operators-conditions-loop", "03-basics-types-operators-conditions-loop\03-basics-types-operators-conditions-loop.vcxproj", "{DD3C2B05-7B65-4B97-B579-1D3FAAC5A08B}"
EndProject
Project("{8BC9CEB8-8B4A-11D0-8D11-00A0C91BC942}") = "06-", "06-\06-.vcxproj", "{D52E55EA-736F-4968-A140-DD2A68B8DBD2}"
EndProject
Project("{8BC9CEB8-8B4A-11D0-8D11-00A0C91BC942}") = "12 - buoi 12", "12 - buoi 12\12 - buoi 12.vcxproj", "{4A3934E7-9DCD-4F2F-A673-6889E75BA13C}"
EndProject
Project("{8BC9CEB8-8B4A-11D0-8D11-00A0C91BC942}") = "12.1-inheritance", "12.1-bai12\12.1-bai12.vcxproj", "{3CE93E7B-7B2F-4FB2-97AC-085E7A1EFFE2}"
EndProject
Project("{8BC9CEB8-8B4A-11D0-8D11-00A0C91BC942}") = "09 - pointter", "09 - poitter\09 - poitter.vcxproj", "{9E5375A7-1F63-4AA0-B4E8-981596D0E5DF}"
EndProject
Project("{8BC9CEB8-8B4A-11D0-8D11-00A0C91BC942}") = "13 - inheritance - modifiers", "13 - inheritance - modifiers\13 - inheritance - modifiers.vcxproj", "{1DBA4FA9-10CE-4CC0-8D54-D4D7A2F12291}"
EndProject
Project("{8BC9CEB8-8B4A-11D0-8D11-00A0C91BC942}") = "14 - vitualfunctionsand polymorphis", "14 - vitualfunctionsand polymorphis\14 - vitualfunctionsand polymorphis.vcxproj", "{6831272C-337F-4B5F-AA28-3BD14C0A1F14}"
EndProject
Project("{8BC9CEB8-8B4A-11D0-8D11-00A0C91BC942}") = "14- polymorphism - exem", "14- polymorphism - exem\14- polymorphism - exem.vcxproj", "{2BCC3175-ADCA-4B9F-8DFD-329B6B271012}"
EndProject
Project("{8BC9CEB8-8B4A-11D0-8D11-00A0C91BC942}") = "15 - Miniproject", "Miniproject\Miniproject.vcxproj", "{C6A40987-4934-4570-8C5F-A91B9D00E47F}"
EndProject
Project("{8BC9CEB8-8B4A-11D0-8D11-00A0C91BC942}") = "16 - 01 - bai1", "16 - 01 - bai1\16 - 01 - bai1.vcxproj", "{B2F08F9F-1B9B-49DA-95C3-F086C8EDF440}"
EndProject
Project("{8BC9CEB8-8B4A-11D0-8D11-00A0C91BC942}") = "16 - 02- bai2", "16 - 02- bai2\16 - 02- bai2.vcxproj", "{F44E99AA-5CA3-4C3D-A661-353D31110A89}"
EndProject
Project("{8BC9CEB8-8B4A-11D0-8D11-00A0C91BC942}") = "16 - 03 - bai3", "16 - 03 - bai3\16 - 03 - bai3.vcxproj", "{55AD169C-8ECF-42B3-A638-D3D85F4A79C8}"
EndProject
Project("{8BC9CEB8-8B4A-11D0-8D11-00A0C91BC942}") = "16 - 04- bai4", "16 - 04- bai4\16 - 04- bai4.vcxproj", "{1DEEC3D5-DF73-4319-9FD6-8329AF820194}"
EndProject
Project("{8BC9CEB8-8B4A-11D0-8D11-00A0C91BC942}") = "20 - Project-Quan-li-k13", "20 - Project-Quan-li-k13\20 - Project-Quan-li-k13.vcxproj", "{698FF964-3FDD-49D4-ADD6-BD0066D7A392}"
EndProject
Global
	GlobalSection(SolutionConfigurationPlatforms) = preSolution
		Debug|x64 = Debug|x64
		Debug|x86 = Debug|x86
		Release|x64 = Release|x64
		Release|x86 = Release|x86
	EndGlobalSection
	GlobalSection(ProjectConfigurationPlatforms) = postSolution
		{A647FC5A-9D50-4A61-8A6C-6F4A8520147F}.Debug|x64.ActiveCfg = Debug|x64
		{A647FC5A-9D50-4A61-8A6C-6F4A8520147F}.Debug|x64.Build.0 = Debug|x64
		{A647FC5A-9D50-4A61-8A6C-6F4A8520147F}.Debug|x86.ActiveCfg = Debug|Win32
		{A647FC5A-9D50-4A61-8A6C-6F4A8520147F}.Debug|x86.Build.0 = Debug|Win32
		{A647FC5A-9D50-4A61-8A6C-6F4A8520147F}.Release|x64.ActiveCfg = Release|x64
		{A647FC5A-9D50-4A61-8A6C-6F4A8520147F}.Release|x64.Build.0 = Release|x64
		{A647FC5A-9D50-4A61-8A6C-6F4A8520147F}.Release|x86.ActiveCfg = Release|Win32
		{A647FC5A-9D50-4A61-8A6C-6F4A8520147F}.Release|x86.Build.0 = Release|Win32
		{3830E8A1-BDDE-4AED-81D0-A97A2780E451}.Debug|x64.ActiveCfg = Debug|x64
		{3830E8A1-BDDE-4AED-81D0-A97A2780E451}.Debug|x64.Build.0 = Debug|x64
		{3830E8A1-BDDE-4AED-81D0-A97A2780E451}.Debug|x86.ActiveCfg = Debug|Win32
		{3830E8A1-BDDE-4AED-81D0-A97A2780E451}.Debug|x86.Build.0 = Debug|Win32
		{3830E8A1-BDDE-4AED-81D0-A97A2780E451}.Release|x64.ActiveCfg = Release|x64
		{3830E8A1-BDDE-4AED-81D0-A97A2780E451}.Release|x64.Build.0 = Release|x64
		{3830E8A1-BDDE-4AED-81D0-A97A2780E451}.Release|x86.ActiveCfg = Release|Win32
		{3830E8A1-BDDE-4AED-81D0-A97A2780E451}.Release|x86.Build.0 = Release|Win32
		{DD3C2B05-7B65-4B97-B579-1D3FAAC5A08B}.Debug|x64.ActiveCfg = Debug|x64
		{DD3C2B05-7B65-4B97-B579-1D3FAAC5A08B}.Debug|x64.Build.0 = Debug|x64
		{DD3C2B05-7B65-4B97-B579-1D3FAAC5A08B}.Debug|x86.ActiveCfg = Debug|Win32
		{DD3C2B05-7B65-4B97-B579-1D3FAAC5A08B}.Debug|x86.Build.0 = Debug|Win32
		{DD3C2B05-7B65-4B97-B579-1D3FAAC5A08B}.Release|x64.ActiveCfg = Release|x64
		{DD3C2B05-7B65-4B97-B579-1D3FAAC5A08B}.Release|x64.Build.0 = Release|x64
		{DD3C2B05-7B65-4B97-B579-1D3FAAC5A08B}.Release|x86.ActiveCfg = Release|Win32
		{DD3C2B05-7B65-4B97-B579-1D3FAAC5A08B}.Release|x86.Build.0 = Release|Win32
		{D52E55EA-736F-4968-A140-DD2A68B8DBD2}.Debug|x64.ActiveCfg = Debug|x64
		{D52E55EA-736F-4968-A140-DD2A68B8DBD2}.Debug|x64.Build.0 = Debug|x64
		{D52E55EA-736F-4968-A140-DD2A68B8DBD2}.Debug|x86.ActiveCfg = Debug|Win32
		{D52E55EA-736F-4968-A140-DD2A68B8DBD2}.Debug|x86.Build.0 = Debug|Win32
		{D52E55EA-736F-4968-A140-DD2A68B8DBD2}.Release|x64.ActiveCfg = Release|x64
		{D52E55EA-736F-4968-A140-DD2A68B8DBD2}.Release|x64.Build.0 = Release|x64
		{D52E55EA-736F-4968-A140-DD2A68B8DBD2}.Release|x86.ActiveCfg = Release|Win32
		{D52E55EA-736F-4968-A140-DD2A68B8DBD2}.Release|x86.Build.0 = Release|Win32
		{4A3934E7-9DCD-4F2F-A673-6889E75BA13C}.Debug|x64.ActiveCfg = Debug|x64
		{4A3934E7-9DCD-4F2F-A673-6889E75BA13C}.Debug|x64.Build.0 = Debug|x64
		{4A3934E7-9DCD-4F2F-A673-6889E75BA13C}.Debug|x86.ActiveCfg = Debug|Win32
		{4A3934E7-9DCD-4F2F-A673-6889E75BA13C}.Debug|x86.Build.0 = Debug|Win32
		{4A3934E7-9DCD-4F2F-A673-6889E75BA13C}.Release|x64.ActiveCfg = Release|x64
		{4A3934E7-9DCD-4F2F-A673-6889E75BA13C}.Release|x64.Build.0 = Release|x64
		{4A3934E7-9DCD-4F2F-A673-6889E75BA13C}.Release|x86.ActiveCfg = Release|Win32
		{4A3934E7-9DCD-4F2F-A673-6889E75BA13C}.Release|x86.Build.0 = Release|Win32
		{3CE93E7B-7B2F-4FB2-97AC-085E7A1EFFE2}.Debug|x64.ActiveCfg = Debug|x64
		{3CE93E7B-7B2F-4FB2-97AC-085E7A1EFFE2}.Debug|x64.Build.0 = Debug|x64
		{3CE93E7B-7B2F-4FB2-97AC-085E7A1EFFE2}.Debug|x86.ActiveCfg = Debug|Win32
		{3CE93E7B-7B2F-4FB2-97AC-085E7A1EFFE2}.Debug|x86.Build.0 = Debug|Win32
		{3CE93E7B-7B2F-4FB2-97AC-085E7A1EFFE2}.Release|x64.ActiveCfg = Release|x64
		{3CE93E7B-7B2F-4FB2-97AC-085E7A1EFFE2}.Release|x64.Build.0 = Release|x64
		{3CE93E7B-7B2F-4FB2-97AC-085E7A1EFFE2}.Release|x86.ActiveCfg = Release|Win32
		{3CE93E7B-7B2F-4FB2-97AC-085E7A1EFFE2}.Release|x86.Build.0 = Release|Win32
		{9E5375A7-1F63-4AA0-B4E8-981596D0E5DF}.Debug|x64.ActiveCfg = Debug|x64
		{9E5375A7-1F63-4AA0-B4E8-981596D0E5DF}.Debug|x64.Build.0 = Debug|x64
		{9E5375A7-1F63-4AA0-B4E8-981596D0E5DF}.Debug|x86.ActiveCfg = Debug|Win32
		{9E5375A7-1F63-4AA0-B4E8-981596D0E5DF}.Debug|x86.Build.0 = Debug|Win32
		{9E5375A7-1F63-4AA0-B4E8-981596D0E5DF}.Release|x64.ActiveCfg = Release|x64
		{9E5375A7-1F63-4AA0-B4E8-981596D0E5DF}.Release|x64.Build.0 = Release|x64
		{9E5375A7-1F63-4AA0-B4E8-981596D0E5DF}.Release|x86.ActiveCfg = Release|Win32
		{9E5375A7-1F63-4AA0-B4E8-981596D0E5DF}.Release|x86.Build.0 = Release|Win32
		{1DBA4FA9-10CE-4CC0-8D54-D4D7A2F12291}.Debug|x64.ActiveCfg = Debug|x64
		{1DBA4FA9-10CE-4CC0-8D54-D4D7A2F12291}.Debug|x64.Build.0 = Debug|x64
		{1DBA4FA9-10CE-4CC0-8D54-D4D7A2F12291}.Debug|x86.ActiveCfg = Debug|Win32
		{1DBA4FA9-10CE-4CC0-8D54-D4D7A2F12291}.Debug|x86.Build.0 = Debug|Win32
		{1DBA4FA9-10CE-4CC0-8D54-D4D7A2F12291}.Release|x64.ActiveCfg = Release|x64
		{1DBA4FA9-10CE-4CC0-8D54-D4D7A2F12291}.Release|x64.Build.0 = Release|x64
		{1DBA4FA9-10CE-4CC0-8D54-D4D7A2F12291}.Release|x86.ActiveCfg = Release|Win32
		{1DBA4FA9-10CE-4CC0-8D54-D4D7A2F12291}.Release|x86.Build.0 = Release|Win32
		{6831272C-337F-4B5F-AA28-3BD14C0A1F14}.Debug|x64.ActiveCfg = Debug|x64
		{6831272C-337F-4B5F-AA28-3BD14C0A1F14}.Debug|x64.Build.0 = Debug|x64
		{6831272C-337F-4B5F-AA28-3BD14C0A1F14}.Debug|x86.ActiveCfg = Debug|Win32
		{6831272C-337F-4B5F-AA28-3BD14C0A1F14}.Debug|x86.Build.0 = Debug|Win32
		{6831272C-337F-4B5F-AA28-3BD14C0A1F14}.Release|x64.ActiveCfg = Release|x64
		{6831272C-337F-4B5F-AA28-3BD14C0A1F14}.Release|x64.Build.0 = Release|x64
		{6831272C-337F-4B5F-AA28-3BD14C0A1F14}.Release|x86.ActiveCfg = Release|Win32
		{6831272C-337F-4B5F-AA28-3BD14C0A1F14}.Release|x86.Build.0 = Release|Win32
		{2BCC3175-ADCA-4B9F-8DFD-329B6B271012}.Debug|x64.ActiveCfg = Debug|x64
		{2BCC3175-ADCA-4B9F-8DFD-329B6B271012}.Debug|x64.Build.0 = Debug|x64
		{2BCC3175-ADCA-4B9F-8DFD-329B6B271012}.Debug|x86.ActiveCfg = Debug|Win32
		{2BCC3175-ADCA-4B9F-8DFD-329B6B271012}.Debug|x86.Build.0 = Debug|Win32
		{2BCC3175-ADCA-4B9F-8DFD-329B6B271012}.Release|x64.ActiveCfg = Release|x64
		{2BCC3175-ADCA-4B9F-8DFD-329B6B271012}.Release|x64.Build.0 = Release|x64
		{2BCC3175-ADCA-4B9F-8DFD-329B6B271012}.Release|x86.ActiveCfg = Release|Win32
		{2BCC3175-ADCA-4B9F-8DFD-329B6B271012}.Release|x86.Build.0 = Release|Win32
		{C6A40987-4934-4570-8C5F-A91B9D00E47F}.Debug|x64.ActiveCfg = Debug|x64
		{C6A40987-4934-4570-8C5F-A91B9D00E47F}.Debug|x64.Build.0 = Debug|x64
		{C6A40987-4934-4570-8C5F-A91B9D00E47F}.Debug|x86.ActiveCfg = Debug|Win32
		{C6A40987-4934-4570-8C5F-A91B9D00E47F}.Debug|x86.Build.0 = Debug|Win32
		{C6A40987-4934-4570-8C5F-A91B9D00E47F}.Release|x64.ActiveCfg = Release|x64
		{C6A40987-4934-4570-8C5F-A91B9D00E47F}.Release|x64.Build.0 = Release|x64
		{C6A40987-4934-4570-8C5F-A91B9D00E47F}.Release|x86.ActiveCfg = Release|Win32
		{C6A40987-4934-4570-8C5F-A91B9D00E47F}.Release|x86.Build.0 = Release|Win32
		{B2F08F9F-1B9B-49DA-95C3-F086C8EDF440}.Debug|x64.ActiveCfg = Debug|x64
		{B2F08F9F-1B9B-49DA-95C3-F086C8EDF440}.Debug|x64.Build.0 = Debug|x64
		{B2F08F9F-1B9B-49DA-95C3-F086C8EDF440}.Debug|x86.ActiveCfg = Debug|Win32
		{B2F08F9F-1B9B-49DA-95C3-F086C8EDF440}.Debug|x86.Build.0 = Debug|Win32
		{B2F08F9F-1B9B-49DA-95C3-F086C8EDF440}.Release|x64.ActiveCfg = Release|x64
		{B2F08F9F-1B9B-49DA-95C3-F086C8EDF440}.Release|x64.Build.0 = Release|x64
		{B2F08F9F-1B9B-49DA-95C3-F086C8EDF440}.Release|x86.ActiveCfg = Release|Win32
		{B2F08F9F-1B9B-49DA-95C3-F086C8EDF440}.Release|x86.Build.0 = Release|Win32
		{F44E99AA-5CA3-4C3D-A661-353D31110A89}.Debug|x64.ActiveCfg = Debug|x64
		{F44E99AA-5CA3-4C3D-A661-353D31110A89}.Debug|x64.Build.0 = Debug|x64
		{F44E99AA-5CA3-4C3D-A661-353D31110A89}.Debug|x86.ActiveCfg = Debug|Win32
		{F44E99AA-5CA3-4C3D-A661-353D31110A89}.Debug|x86.Build.0 = Debug|Win32
		{F44E99AA-5CA3-4C3D-A661-353D31110A89}.Release|x64.ActiveCfg = Release|x64
		{F44E99AA-5CA3-4C3D-A661-353D31110A89}.Release|x64.Build.0 = Release|x64
		{F44E99AA-5CA3-4C3D-A661-353D31110A89}.Release|x86.ActiveCfg = Release|Win32
		{F44E99AA-5CA3-4C3D-A661-353D31110A89}.Release|x86.Build.0 = Release|Win32
		{55AD169C-8ECF-42B3-A638-D3D85F4A79C8}.Debug|x64.ActiveCfg = Debug|x64
		{55AD169C-8ECF-42B3-A638-D3D85F4A79C8}.Debug|x64.Build.0 = Debug|x64
		{55AD169C-8ECF-42B3-A638-D3D85F4A79C8}.Debug|x86.ActiveCfg = Debug|Win32
		{55AD169C-8ECF-42B3-A638-D3D85F4A79C8}.Debug|x86.Build.0 = Debug|Win32
		{55AD169C-8ECF-42B3-A638-D3D85F4A79C8}.Release|x64.ActiveCfg = Release|x64
		{55AD169C-8ECF-42B3-A638-D3D85F4A79C8}.Release|x64.Build.0 = Release|x64
		{55AD169C-8ECF-42B3-A638-D3D85F4A79C8}.Release|x86.ActiveCfg = Release|Win32
		{55AD169C-8ECF-42B3-A638-D3D85F4A79C8}.Release|x86.Build.0 = Release|Win32
		{1DEEC3D5-DF73-4319-9FD6-8329AF820194}.Debug|x64.ActiveCfg = Debug|x64
		{1DEEC3D5-DF73-4319-9FD6-8329AF820194}.Debug|x64.Build.0 = Debug|x64
		{1DEEC3D5-DF73-4319-9FD6-8329AF820194}.Debug|x86.ActiveCfg = Debug|Win32
		{1DEEC3D5-DF73-4319-9FD6-8329AF820194}.Debug|x86.Build.0 = Debug|Win32
		{1DEEC3D5-DF73-4319-9FD6-8329AF820194}.Release|x64.ActiveCfg = Release|x64
		{1DEEC3D5-DF73-4319-9FD6-8329AF820194}.Release|x64.Build.0 = Release|x64
		{1DEEC3D5-DF73-4319-9FD6-8329AF820194}.Release|x86.ActiveCfg = Release|Win32
		{1DEEC3D5-DF73-4319-9FD6-8329AF820194}.Release|x86.Build.0 = Release|Win32
		{698FF964-3FDD-49D4-ADD6-BD0066D7A392}.Debug|x64.ActiveCfg = Debug|x64
		{698FF964-3FDD-49D4-ADD6-BD0066D7A392}.Debug|x64.Build.0 = Debug|x64
		{698FF964-3FDD-49D4-ADD6-BD0066D7A392}.Debug|x86.ActiveCfg = Debug|Win32
		{698FF964-3FDD-49D4-ADD6-BD0066D7A392}.Debug|x86.Build.0 = Debug|Win32
		{698FF964-3FDD-49D4-ADD6-BD0066D7A392}.Release|x64.ActiveCfg = Release|x64
		{698FF964-3FDD-49D4-ADD6-BD0066D7A392}.Release|x64.Build.0 = Release|x64
		{698FF964-3FDD-49D4-ADD6-BD0066D7A392}.Release|x86.ActiveCfg = Release|Win32
		{698FF964-3FDD-49D4-ADD6-BD0066D7A392}.Release|x86.Build.0 = Release|Win32
	EndGlobalSection
	GlobalSection(SolutionProperties) = preSolution
		HideSolutionNode = FALSE
	EndGlobalSection
	GlobalSection(ExtensibilityGlobals) = postSolution
		SolutionGuid = {17B317ED-8C45-4522-8BB8-D44EA68B60D2}
	EndGlobalSection
EndGlobal
